
Microsoft Visual Studio Solution File, Format Version 12.00
# Visual Studio 15
VisualStudioVersion = 15.0.28307.136
MinimumVisualStudioVersion = 10.0.40219.1
Project("{FAE04EC0-301F-11D3-BF4B-00C04F79EFBC}") = "ExpenseBucket.Core", "ExpenseBucket.Core\ExpenseBucket.Core.csproj", "{7291ADF6-7B38-49AC-B096-D6E4DC47E16A}"
EndProject
Project("{FAE04EC0-301F-11D3-BF4B-00C04F79EFBC}") = "ExpenseBucket.EF", "ExpenseBucket.EF\ExpenseBucket.EF.csproj", "{AD1D81FF-907D-4011-B6D6-6201CAB69CEA}"
EndProject
Project("{FAE04EC0-301F-11D3-BF4B-00C04F79EFBC}") = "ExpenseBucket.WebApi", "ExpenseBucket.WebApi\ExpenseBucket.WebApi.csproj", "{50C0E37B-4BC4-4679-952E-A4D007150BF0}"
EndProject
Global
	GlobalSection(SolutionConfigurationPlatforms) = preSolution
		Debug|Any CPU = Debug|Any CPU
		Release|Any CPU = Release|Any CPU
	EndGlobalSection
	GlobalSection(ProjectConfigurationPlatforms) = postSolution
		{7291ADF6-7B38-49AC-B096-D6E4DC47E16A}.Debug|Any CPU.ActiveCfg = Debug|Any CPU
		{7291ADF6-7B38-49AC-B096-D6E4DC47E16A}.Debug|Any CPU.Build.0 = Debug|Any CPU
		{7291ADF6-7B38-49AC-B096-D6E4DC47E16A}.Release|Any CPU.ActiveCfg = Release|Any CPU
		{7291ADF6-7B38-49AC-B096-D6E4DC47E16A}.Release|Any CPU.Build.0 = Release|Any CPU
		{AD1D81FF-907D-4011-B6D6-6201CAB69CEA}.Debug|Any CPU.ActiveCfg = Debug|Any CPU
		{AD1D81FF-907D-4011-B6D6-6201CAB69CEA}.Debug|Any CPU.Build.0 = Debug|Any CPU
		{AD1D81FF-907D-4011-B6D6-6201CAB69CEA}.Release|Any CPU.ActiveCfg = Release|Any CPU
		{AD1D81FF-907D-4011-B6D6-6201CAB69CEA}.Release|Any CPU.Build.0 = Release|Any CPU
		{50C0E37B-4BC4-4679-952E-A4D007150BF0}.Debug|Any CPU.ActiveCfg = Debug|Any CPU
		{50C0E37B-4BC4-4679-952E-A4D007150BF0}.Debug|Any CPU.Build.0 = Debug|Any CPU
		{50C0E37B-4BC4-4679-952E-A4D007150BF0}.Release|Any CPU.ActiveCfg = Release|Any CPU
		{50C0E37B-4BC4-4679-952E-A4D007150BF0}.Release|Any CPU.Build.0 = Release|Any CPU
	EndGlobalSection
	GlobalSection(SolutionProperties) = preSolution
		HideSolutionNode = FALSE
	EndGlobalSection
	GlobalSection(ExtensibilityGlobals) = postSolution
		SolutionGuid = {084B31A4-36A8-4EEA-8BF7-961D240C05C4}
	EndGlobalSection
EndGlobal
